
Microsoft Visual Studio Solution File, Format Version 12.00
# Visual Studio Version 17
VisualStudioVersion = 17.7.34024.191
MinimumVisualStudioVersion = 10.0.40219.1
Project("{FAE04EC0-301F-11D3-BF4B-00C04F79EFBC}") = "Tymakov2", "Tymakov2\Tymakov2.csproj", "{DB150431-98FA-408E-95BE-735F15E28ADF}"
EndProject
Project("{FAE04EC0-301F-11D3-BF4B-00C04F79EFBC}") = "Tymakov3", "Tymakov3\Tymakov3.csproj", "{C9D33CD9-9E47-428C-A2BD-C5DECDCCA625}"
EndProject
Project("{FAE04EC0-301F-11D3-BF4B-00C04F79EFBC}") = "Zadachi", "Zadachi\Zadachi.csproj", "{2D99F64B-9ED1-4C8C-A367-9D3A989AEFE3}"
EndProject
Global
	GlobalSection(SolutionConfigurationPlatforms) = preSolution
		Debug|Any CPU = Debug|Any CPU
		Release|Any CPU = Release|Any CPU
	EndGlobalSection
	GlobalSection(ProjectConfigurationPlatforms) = postSolution
		{DB150431-98FA-408E-95BE-735F15E28ADF}.Debug|Any CPU.ActiveCfg = Debug|Any CPU
		{DB150431-98FA-408E-95BE-735F15E28ADF}.Debug|Any CPU.Build.0 = Debug|Any CPU
		{DB150431-98FA-408E-95BE-735F15E28ADF}.Release|Any CPU.ActiveCfg = Release|Any CPU
		{DB150431-98FA-408E-95BE-735F15E28ADF}.Release|Any CPU.Build.0 = Release|Any CPU
		{C9D33CD9-9E47-428C-A2BD-C5DECDCCA625}.Debug|Any CPU.ActiveCfg = Debug|Any CPU
		{C9D33CD9-9E47-428C-A2BD-C5DECDCCA625}.Debug|Any CPU.Build.0 = Debug|Any CPU
		{C9D33CD9-9E47-428C-A2BD-C5DECDCCA625}.Release|Any CPU.ActiveCfg = Release|Any CPU
		{C9D33CD9-9E47-428C-A2BD-C5DECDCCA625}.Release|Any CPU.Build.0 = Release|Any CPU
		{2D99F64B-9ED1-4C8C-A367-9D3A989AEFE3}.Debug|Any CPU.ActiveCfg = Debug|Any CPU
		{2D99F64B-9ED1-4C8C-A367-9D3A989AEFE3}.Debug|Any CPU.Build.0 = Debug|Any CPU
		{2D99F64B-9ED1-4C8C-A367-9D3A989AEFE3}.Release|Any CPU.ActiveCfg = Release|Any CPU
		{2D99F64B-9ED1-4C8C-A367-9D3A989AEFE3}.Release|Any CPU.Build.0 = Release|Any CPU
	EndGlobalSection
	GlobalSection(SolutionProperties) = preSolution
		HideSolutionNode = FALSE
	EndGlobalSection
	GlobalSection(ExtensibilityGlobals) = postSolution
		SolutionGuid = {789A4A09-C495-44F5-A905-02CC93039070}
	EndGlobalSection
EndGlobal
